PODS:
  - Alamofire (4.9.1)
  - FeedKit (9.1.2)
  - TuneURL (1.1.1)

DEPENDENCIES:
  - Alamofire (~> 4.9.0)
  - FeedKit (~> 9.1.0)
  - TuneURL

SPEC REPOS:
  trunk:
    - Alamofire
    - FeedKit
    - TuneURL

SPEC CHECKSUMS:
  Alamofire: 85e8a02c69d6020a0d734f6054870d7ecb75cf18
  FeedKit: 71653273ab08e618cd6fd1301ca08fc02dca6a9e
  TuneURL: 80f36c00915401c6286d7bdc1c32658488bf73aa

PODFILE CHECKSUM: 13afeaaaefa23c2b8ba7fd07d9595a3e0d8e446f

COCOAPODS: 1.11.2
