PODS:
  - Alamofire (5.4.3)
  - FeedKit (9.1.2)
  - SDWebImage (5.11.1):
    - SDWebImage/Core (= 5.11.1)
  - SDWebImage/Core (5.11.1)
  - SVProgressHUD (2.2.5)

DEPENDENCIES:
  - Alamofire
  - FeedKit
  - SDWebImage (~> 5.0)
  - SVProgressHUD

SPEC REPOS:
  trunk:
    - Alamofire
    - FeedKit
    - SDWebImage
    - SVProgressHUD

SPEC CHECKSUMS:
  Alamofire: e447a2774a40c996748296fa2c55112fdbbc42f9
  FeedKit: 71653273ab08e618cd6fd1301ca08fc02dca6a9e
  SDWebImage: a7f831e1a65eb5e285e3fb046a23fcfbf08e696d
  SVProgressHUD: 1428aafac632c1f86f62aa4243ec12008d7a51d6

PODFILE CHECKSUM: 10e721be96bf2756be8690534f7d78d3bcda5987

COCOAPODS: 1.10.1
